// !$*UTF8*$!
{
	archiveVersion = 1;
	classes = {
	};
	objectVersion = 50;
	objects = {

/* Begin PBXBuildFile section */
		9A0B3CD524DC67C1006B3667 /* ControllersFactory.m in Sources */ = {isa = PBXBuildFile; fileRef = 9A0B3CD424DC67C1006B3667 /* ControllersFactory.m */; };
		9A1645D724C5BB8B00E21B3C /* DetailedInfoViewController.m in Sources */ = {isa = PBXBuildFile; fileRef = 9A1645D524C5BB8B00E21B3C /* DetailedInfoViewController.m */; };
		9A1645D824C5BB8B00E21B3C /* DetailedInfoViewController.xib in Resources */ = {isa = PBXBuildFile; fileRef = 9A1645D624C5BB8B00E21B3C /* DetailedInfoViewController.xib */; };
		9A1645DC24C6247E00E21B3C /* DataManager.m in Sources */ = {isa = PBXBuildFile; fileRef = 9A1645DB24C6247E00E21B3C /* DataManager.m */; };
		9A1645E724C710E600E21B3C /* Video+CoreDataClass.m in Sources */ = {isa = PBXBuildFile; fileRef = 9A1645E524C710E600E21B3C /* Video+CoreDataClass.m */; };
		9A1645E824C710E600E21B3C /* Video+CoreDataProperties.m in Sources */ = {isa = PBXBuildFile; fileRef = 9A1645E624C710E600E21B3C /* Video+CoreDataProperties.m */; };
		9A1645EA24C8C9AB00E21B3C /* TedVideoTests.m in Sources */ = {isa = PBXBuildFile; fileRef = 9A1645E924C8C9AB00E21B3C /* TedVideoTests.m */; };
		9A1645EC24C8CA8700E21B3C /* Video+CoreDataPropertiesTests.m in Sources */ = {isa = PBXBuildFile; fileRef = 9A1645EB24C8CA8700E21B3C /* Video+CoreDataPropertiesTests.m */; };
		9A1645EE24C985C800E21B3C /* CustomTableViewCellTests.m in Sources */ = {isa = PBXBuildFile; fileRef = 9A1645ED24C985C700E21B3C /* CustomTableViewCellTests.m */; };
		9A1645F224C9907500E21B3C /* AppDelegateTests.m in Sources */ = {isa = PBXBuildFile; fileRef = 9A1645EF24C98ED600E21B3C /* AppDelegateTests.m */; };
		9A1645F424C9931700E21B3C /* DataManagerTests.m in Sources */ = {isa = PBXBuildFile; fileRef = 9A1645F324C9931700E21B3C /* DataManagerTests.m */; };
		9A1645F624C999FB00E21B3C /* DetailedViewControllerTests.m in Sources */ = {isa = PBXBuildFile; fileRef = 9A1645F524C999FB00E21B3C /* DetailedViewControllerTests.m */; };
		9A1645FC24C9A09E00E21B3C /* XMLParserTests.m in Sources */ = {isa = PBXBuildFile; fileRef = 9A1645F724C99EF300E21B3C /* XMLParserTests.m */; };
		9A3F490324DC720F00A94BFB /* AllVideosListViewController.m in Sources */ = {isa = PBXBuildFile; fileRef = 9A3F490224DC720F00A94BFB /* AllVideosListViewController.m */; };
		9A3F490624DC72DE00A94BFB /* FavouriteVideosListViewController.m in Sources */ = {isa = PBXBuildFile; fileRef = 9A3F490524DC72DE00A94BFB /* FavouriteVideosListViewController.m */; };
		9A4F22E324C317BB0015D244 /* AppDelegate.m in Sources */ = {isa = PBXBuildFile; fileRef = 9A4F22E224C317BB0015D244 /* AppDelegate.m */; };
		9A4F22EF24C317BB0015D244 /* RSSchool_7.xcdatamodeld in Sources */ = {isa = PBXBuildFile; fileRef = 9A4F22ED24C317BB0015D244 /* RSSchool_7.xcdatamodeld */; };
		9A4F22F124C317BF0015D244 /* Assets.xcassets in Resources */ = {isa = PBXBuildFile; fileRef = 9A4F22F024C317BF0015D244 /* Assets.xcassets */; };
		9A4F22F424C317BF0015D244 /* LaunchScreen.storyboard in Resources */ = {isa = PBXBuildFile; fileRef = 9A4F22F224C317BF0015D244 /* LaunchScreen.storyboard */; };
		9A4F22F724C317BF0015D244 /* main.m in Sources */ = {isa = PBXBuildFile; fileRef = 9A4F22F624C317BF0015D244 /* main.m */; };
		9A4F230124C317C00015D244 /* RSSchool_7Tests.m in Sources */ = {isa = PBXBuildFile; fileRef = 9A4F230024C317C00015D244 /* RSSchool_7Tests.m */; };
		9A4F230D24C32D0A0015D244 /* XMLParser.m in Sources */ = {isa = PBXBuildFile; fileRef = 9A4F230C24C32D0A0015D244 /* XMLParser.m */; };
		9A4F232224C349440015D244 /* CustomTableViewCell.m in Sources */ = {isa = PBXBuildFile; fileRef = 9A4F232024C349440015D244 /* CustomTableViewCell.m */; };
		9A4F232324C349440015D244 /* CustomTableViewCell.xib in Resources */ = {isa = PBXBuildFile; fileRef = 9A4F232124C349440015D244 /* CustomTableViewCell.xib */; };
		9A4F232824C351180015D244 /* VideosListViewController.m in Sources */ = {isa = PBXBuildFile; fileRef = 9A4F232624C351180015D244 /* VideosListViewController.m */; };
		9A4F232924C351180015D244 /* VideosViewController.xib in Resources */ = {isa = PBXBuildFile; fileRef = 9A4F232724C351180015D244 /* VideosViewController.xib */; };
		9A4F232C24C44E460015D244 /* TedVideo.m in Sources */ = {isa = PBXBuildFile; fileRef = 9A4F232B24C44E460015D244 /* TedVideo.m */; };
		9A4F232F24C450750015D244 /* VideoService.m in Sources */ = {isa = PBXBuildFile; fileRef = 9A4F232E24C450750015D244 /* VideoService.m */; };
		9A4F233324C46A020015D244 /* ImageDownloadOperation.m in Sources */ = {isa = PBXBuildFile; fileRef = 9A4F233224C46A020015D244 /* ImageDownloadOperation.m */; };
/* End PBXBuildFile section */

/* Begin PBXContainerItemProxy section */
		9A4F22FD24C317C00015D244 /* PBXContainerItemProxy */ = {
			isa = PBXContainerItemProxy;
			containerPortal = 9A4F22D624C317BB0015D244 /* Project object */;
			proxyType = 1;
			remoteGlobalIDString = 9A4F22DD24C317BB0015D244;
			remoteInfo = RSSchool_7;
		};
/* End PBXContainerItemProxy section */

/* Begin PBXFileReference section */
		9A0B3CD324DC67C1006B3667 /* ControllersFactory.h */ = {isa = PBXFileReference; lastKnownFileType = sourcecode.c.h; path = ControllersFactory.h; sourceTree = "<group>"; };
		9A0B3CD424DC67C1006B3667 /* ControllersFactory.m */ = {isa = PBXFileReference; lastKnownFileType = sourcecode.c.objc; path = ControllersFactory.m; sourceTree = "<group>"; };
		9A1645D424C5BB8B00E21B3C /* DetailedInfoViewController.h */ = {isa = PBXFileReference; lastKnownFileType = sourcecode.c.h; path = DetailedInfoViewController.h; sourceTree = "<group>"; };
		9A1645D524C5BB8B00E21B3C /* DetailedInfoViewController.m */ = {isa = PBXFileReference; lastKnownFileType = sourcecode.c.objc; path = DetailedInfoViewController.m; sourceTree = "<group>"; };
		9A1645D624C5BB8B00E21B3C /* DetailedInfoViewController.xib */ = {isa = PBXFileReference; lastKnownFileType = file.xib; path = DetailedInfoViewController.xib; sourceTree = "<group>"; };
		9A1645DA24C6247E00E21B3C /* DataManager.h */ = {isa = PBXFileReference; lastKnownFileType = sourcecode.c.h; path = DataManager.h; sourceTree = "<group>"; };
		9A1645DB24C6247E00E21B3C /* DataManager.m */ = {isa = PBXFileReference; lastKnownFileType = sourcecode.c.objc; path = DataManager.m; sourceTree = "<group>"; };
		9A1645E324C710E600E21B3C /* Video+CoreDataProperties.h */ = {isa = PBXFileReference; lastKnownFileType = sourcecode.c.h; name = "Video+CoreDataProperties.h"; path = "../../Video+CoreDataProperties.h"; sourceTree = "<group>"; };
		9A1645E424C710E600E21B3C /* Video+CoreDataClass.h */ = {isa = PBXFileReference; lastKnownFileType = sourcecode.c.h; name = "Video+CoreDataClass.h"; path = "../../Video+CoreDataClass.h"; sourceTree = "<group>"; };
		9A1645E524C710E600E21B3C /* Video+CoreDataClass.m */ = {isa = PBXFileReference; lastKnownFileType = sourcecode.c.objc; name = "Video+CoreDataClass.m"; path = "../../Video+CoreDataClass.m"; sourceTree = "<group>"; };
		9A1645E624C710E600E21B3C /* Video+CoreDataProperties.m */ = {isa = PBXFileReference; lastKnownFileType = sourcecode.c.objc; name = "Video+CoreDataProperties.m"; path = "../../Video+CoreDataProperties.m"; sourceTree = "<group>"; };
		9A1645E924C8C9AB00E21B3C /* TedVideoTests.m */ = {isa = PBXFileReference; lastKnownFileType = sourcecode.c.objc; path = TedVideoTests.m; sourceTree = "<group>"; };
		9A1645EB24C8CA8700E21B3C /* Video+CoreDataPropertiesTests.m */ = {isa = PBXFileReference; lastKnownFileType = sourcecode.c.objc; path = "Video+CoreDataPropertiesTests.m"; sourceTree = "<group>"; };
		9A1645ED24C985C700E21B3C /* CustomTableViewCellTests.m */ = {isa = PBXFileReference; lastKnownFileType = sourcecode.c.objc; path = CustomTableViewCellTests.m; sourceTree = "<group>"; };
		9A1645EF24C98ED600E21B3C /* AppDelegateTests.m */ = {isa = PBXFileReference; lastKnownFileType = sourcecode.c.objc; path = AppDelegateTests.m; sourceTree = "<group>"; };
		9A1645F324C9931700E21B3C /* DataManagerTests.m */ = {isa = PBXFileReference; lastKnownFileType = sourcecode.c.objc; path = DataManagerTests.m; sourceTree = "<group>"; };
		9A1645F524C999FB00E21B3C /* DetailedViewControllerTests.m */ = {isa = PBXFileReference; lastKnownFileType = sourcecode.c.objc; path = DetailedViewControllerTests.m; sourceTree = "<group>"; };
		9A1645F724C99EF300E21B3C /* XMLParserTests.m */ = {isa = PBXFileReference; lastKnownFileType = sourcecode.c.objc; path = XMLParserTests.m; sourceTree = "<group>"; };
		9A3F490124DC720F00A94BFB /* AllVideosListViewController.h */ = {isa = PBXFileReference; lastKnownFileType = sourcecode.c.h; path = AllVideosListViewController.h; sourceTree = "<group>"; };
		9A3F490224DC720F00A94BFB /* AllVideosListViewController.m */ = {isa = PBXFileReference; lastKnownFileType = sourcecode.c.objc; path = AllVideosListViewController.m; sourceTree = "<group>"; };
		9A3F490424DC72DE00A94BFB /* FavouriteVideosListViewController.h */ = {isa = PBXFileReference; lastKnownFileType = sourcecode.c.h; path = FavouriteVideosListViewController.h; sourceTree = "<group>"; };
		9A3F490524DC72DE00A94BFB /* FavouriteVideosListViewController.m */ = {isa = PBXFileReference; lastKnownFileType = sourcecode.c.objc; path = FavouriteVideosListViewController.m; sourceTree = "<group>"; };
		9A4F22DE24C317BB0015D244 /* RSSchool_7.app */ = {isa = PBXFileReference; explicitFileType = wrapper.application; includeInIndex = 0; path = RSSchool_7.app; sourceTree = BUILT_PRODUCTS_DIR; };
		9A4F22E124C317BB0015D244 /* AppDelegate.h */ = {isa = PBXFileReference; lastKnownFileType = sourcecode.c.h; path = AppDelegate.h; sourceTree = "<group>"; };
		9A4F22E224C317BB0015D244 /* AppDelegate.m */ = {isa = PBXFileReference; lastKnownFileType = sourcecode.c.objc; path = AppDelegate.m; sourceTree = "<group>"; };
		9A4F22EE24C317BB0015D244 /* RSSchool_7.xcdatamodel */ = {isa = PBXFileReference; lastKnownFileType = wrapper.xcdatamodel; path = RSSchool_7.xcdatamodel; sourceTree = "<group>"; };
		9A4F22F024C317BF0015D244 /* Assets.xcassets */ = {isa = PBXFileReference; lastKnownFileType = folder.assetcatalog; path = Assets.xcassets; sourceTree = "<group>"; };
		9A4F22F324C317BF0015D244 /* Base */ = {isa = PBXFileReference; lastKnownFileType = file.storyboard; name = Base; path = Base.lproj/LaunchScreen.storyboard; sourceTree = "<group>"; };
		9A4F22F524C317BF0015D244 /* Info.plist */ = {isa = PBXFileReference; lastKnownFileType = text.plist.xml; path = Info.plist; sourceTree = "<group>"; };
		9A4F22F624C317BF0015D244 /* main.m */ = {isa = PBXFileReference; lastKnownFileType = sourcecode.c.objc; path = main.m; sourceTree = "<group>"; };
		9A4F22FC24C317C00015D244 /* RSSchool_7Tests.xctest */ = {isa = PBXFileReference; explicitFileType = wrapper.cfbundle; includeInIndex = 0; path = RSSchool_7Tests.xctest; sourceTree = BUILT_PRODUCTS_DIR; };
		9A4F230024C317C00015D244 /* RSSchool_7Tests.m */ = {isa = PBXFileReference; lastKnownFileType = sourcecode.c.objc; path = RSSchool_7Tests.m; sourceTree = "<group>"; };
		9A4F230224C317C00015D244 /* Info.plist */ = {isa = PBXFileReference; lastKnownFileType = text.plist.xml; path = Info.plist; sourceTree = "<group>"; };
		9A4F230B24C32D0A0015D244 /* XMLParser.h */ = {isa = PBXFileReference; lastKnownFileType = sourcecode.c.h; path = XMLParser.h; sourceTree = "<group>"; };
		9A4F230C24C32D0A0015D244 /* XMLParser.m */ = {isa = PBXFileReference; lastKnownFileType = sourcecode.c.objc; path = XMLParser.m; sourceTree = "<group>"; };
		9A4F231F24C349440015D244 /* CustomTableViewCell.h */ = {isa = PBXFileReference; lastKnownFileType = sourcecode.c.h; path = CustomTableViewCell.h; sourceTree = "<group>"; };
		9A4F232024C349440015D244 /* CustomTableViewCell.m */ = {isa = PBXFileReference; lastKnownFileType = sourcecode.c.objc; path = CustomTableViewCell.m; sourceTree = "<group>"; };
		9A4F232124C349440015D244 /* CustomTableViewCell.xib */ = {isa = PBXFileReference; lastKnownFileType = file.xib; path = CustomTableViewCell.xib; sourceTree = "<group>"; };
		9A4F232524C351180015D244 /* VideosListViewController.h */ = {isa = PBXFileReference; lastKnownFileType = sourcecode.c.h; path = VideosListViewController.h; sourceTree = "<group>"; };
		9A4F232624C351180015D244 /* VideosListViewController.m */ = {isa = PBXFileReference; lastKnownFileType = sourcecode.c.objc; path = VideosListViewController.m; sourceTree = "<group>"; };
		9A4F232724C351180015D244 /* VideosViewController.xib */ = {isa = PBXFileReference; lastKnownFileType = file.xib; path = VideosViewController.xib; sourceTree = "<group>"; };
		9A4F232A24C44E460015D244 /* TedVideo.h */ = {isa = PBXFileReference; lastKnownFileType = sourcecode.c.h; path = TedVideo.h; sourceTree = "<group>"; };
		9A4F232B24C44E460015D244 /* TedVideo.m */ = {isa = PBXFileReference; lastKnownFileType = sourcecode.c.objc; path = TedVideo.m; sourceTree = "<group>"; };
		9A4F232D24C450750015D244 /* VideoService.h */ = {isa = PBXFileReference; lastKnownFileType = sourcecode.c.h; path = VideoService.h; sourceTree = "<group>"; };
		9A4F232E24C450750015D244 /* VideoService.m */ = {isa = PBXFileReference; lastKnownFileType = sourcecode.c.objc; path = VideoService.m; sourceTree = "<group>"; };
		9A4F233124C46A020015D244 /* ImageDownloadOperation.h */ = {isa = PBXFileReference; lastKnownFileType = sourcecode.c.h; path = ImageDownloadOperation.h; sourceTree = "<group>"; };
		9A4F233224C46A020015D244 /* ImageDownloadOperation.m */ = {isa = PBXFileReference; lastKnownFileType = sourcecode.c.objc; path = ImageDownloadOperation.m; sourceTree = "<group>"; };
/* End PBXFileReference section */

/* Begin PBXFrameworksBuildPhase section */
		9A4F22DB24C317BB0015D244 /* Frameworks */ = {
			isa = PBXFrameworksBuildPhase;
			buildActionMask = 2147483647;
			files = (
			);
			runOnlyForDeploymentPostprocessing = 0;
		};
		9A4F22F924C317C00015D244 /* Frameworks */ = {
			isa = PBXFrameworksBuildPhase;
			buildActionMask = 2147483647;
			files = (
			);
			runOnlyForDeploymentPostprocessing = 0;
		};
/* End PBXFrameworksBuildPhase section */

/* Begin PBXGroup section */
		9A0B3CD624DC67C7006B3667 /* Factory */ = {
			isa = PBXGroup;
			children = (
				9A0B3CD324DC67C1006B3667 /* ControllersFactory.h */,
				9A0B3CD424DC67C1006B3667 /* ControllersFactory.m */,
			);
			path = Factory;
			sourceTree = "<group>";
		};
		9A1645D924C5BB9900E21B3C /* DetailedInfoViewController */ = {
			isa = PBXGroup;
			children = (
				9A1645D424C5BB8B00E21B3C /* DetailedInfoViewController.h */,
				9A1645D524C5BB8B00E21B3C /* DetailedInfoViewController.m */,
				9A1645D624C5BB8B00E21B3C /* DetailedInfoViewController.xib */,
			);
			path = DetailedInfoViewController;
			sourceTree = "<group>";
		};
		9A4F22D524C317BB0015D244 = {
			isa = PBXGroup;
			children = (
				9A4F22E024C317BB0015D244 /* RSSchool_7 */,
				9A4F22FF24C317C00015D244 /* RSSchool_7Tests */,
				9A4F22DF24C317BB0015D244 /* Products */,
			);
			sourceTree = "<group>";
		};
		9A4F22DF24C317BB0015D244 /* Products */ = {
			isa = PBXGroup;
			children = (
				9A4F22DE24C317BB0015D244 /* RSSchool_7.app */,
				9A4F22FC24C317C00015D244 /* RSSchool_7Tests.xctest */,
			);
			name = Products;
			sourceTree = "<group>";
		};
		9A4F22E024C317BB0015D244 /* RSSchool_7 */ = {
			isa = PBXGroup;
			children = (
				9A4F230F24C32D3C0015D244 /* Support */,
				9A4F231124C32E1F0015D244 /* View Controllers */,
				9A4F232424C349480015D244 /* Cells */,
				9A4F230E24C32D190015D244 /* Parsers */,
				9A4F231024C32DDE0015D244 /* Models */,
				9A4F233024C4507B0015D244 /* Services */,
			);
			path = RSSchool_7;
			sourceTree = "<group>";
		};
		9A4F22FF24C317C00015D244 /* RSSchool_7Tests */ = {
			isa = PBXGroup;
			children = (
				9A1645F724C99EF300E21B3C /* XMLParserTests.m */,
				9A1645EF24C98ED600E21B3C /* AppDelegateTests.m */,
				9A4F230024C317C00015D244 /* RSSchool_7Tests.m */,
				9A1645E924C8C9AB00E21B3C /* TedVideoTests.m */,
				9A1645EB24C8CA8700E21B3C /* Video+CoreDataPropertiesTests.m */,
				9A1645ED24C985C700E21B3C /* CustomTableViewCellTests.m */,
				9A1645F324C9931700E21B3C /* DataManagerTests.m */,
				9A1645F524C999FB00E21B3C /* DetailedViewControllerTests.m */,
				9A4F230224C317C00015D244 /* Info.plist */,
			);
			path = RSSchool_7Tests;
			sourceTree = "<group>";
		};
		9A4F230E24C32D190015D244 /* Parsers */ = {
			isa = PBXGroup;
			children = (
				9A4F230B24C32D0A0015D244 /* XMLParser.h */,
				9A4F230C24C32D0A0015D244 /* XMLParser.m */,
				9A4F232A24C44E460015D244 /* TedVideo.h */,
				9A4F232B24C44E460015D244 /* TedVideo.m */,
			);
			path = Parsers;
			sourceTree = "<group>";
		};
		9A4F230F24C32D3C0015D244 /* Support */ = {
			isa = PBXGroup;
			children = (
				9A4F22E124C317BB0015D244 /* AppDelegate.h */,
				9A4F22E224C317BB0015D244 /* AppDelegate.m */,
				9A4F22F224C317BF0015D244 /* LaunchScreen.storyboard */,
				9A4F22F624C317BF0015D244 /* main.m */,
				9A4F22F024C317BF0015D244 /* Assets.xcassets */,
				9A4F22ED24C317BB0015D244 /* RSSchool_7.xcdatamodeld */,
				9A4F22F524C317BF0015D244 /* Info.plist */,
			);
			path = Support;
			sourceTree = "<group>";
		};
		9A4F231024C32DDE0015D244 /* Models */ = {
			isa = PBXGroup;
			children = (
				9A1645E324C710E600E21B3C /* Video+CoreDataProperties.h */,
				9A1645E424C710E600E21B3C /* Video+CoreDataClass.h */,
				9A1645E524C710E600E21B3C /* Video+CoreDataClass.m */,
				9A1645E624C710E600E21B3C /* Video+CoreDataProperties.m */,
			);
			path = Models;
			sourceTree = "<group>";
		};
		9A4F231124C32E1F0015D244 /* View Controllers */ = {
			isa = PBXGroup;
			children = (
				9A0B3CD624DC67C7006B3667 /* Factory */,
				9A4F231E24C33E060015D244 /* VideosListViewController */,
				9A1645D924C5BB9900E21B3C /* DetailedInfoViewController */,
			);
			path = "View Controllers";
			sourceTree = "<group>";
		};
		9A4F231E24C33E060015D244 /* VideosListViewController */ = {
			isa = PBXGroup;
			children = (
				9A4F232524C351180015D244 /* VideosListViewController.h */,
				9A4F232624C351180015D244 /* VideosListViewController.m */,
				9A4F232724C351180015D244 /* VideosViewController.xib */,
				9A3F490124DC720F00A94BFB /* AllVideosListViewController.h */,
				9A3F490224DC720F00A94BFB /* AllVideosListViewController.m */,
				9A3F490424DC72DE00A94BFB /* FavouriteVideosListViewController.h */,
				9A3F490524DC72DE00A94BFB /* FavouriteVideosListViewController.m */,
			);
			path = VideosListViewController;
			sourceTree = "<group>";
		};
		9A4F232424C349480015D244 /* Cells */ = {
			isa = PBXGroup;
			children = (
				9A4F231F24C349440015D244 /* CustomTableViewCell.h */,
				9A4F232024C349440015D244 /* CustomTableViewCell.m */,
				9A4F232124C349440015D244 /* CustomTableViewCell.xib */,
			);
			path = Cells;
			sourceTree = "<group>";
		};
		9A4F233024C4507B0015D244 /* Services */ = {
			isa = PBXGroup;
			children = (
				9A4F232D24C450750015D244 /* VideoService.h */,
				9A4F232E24C450750015D244 /* VideoService.m */,
				9A4F233124C46A020015D244 /* ImageDownloadOperation.h */,
				9A4F233224C46A020015D244 /* ImageDownloadOperation.m */,
				9A1645DA24C6247E00E21B3C /* DataManager.h */,
				9A1645DB24C6247E00E21B3C /* DataManager.m */,
			);
			path = Services;
			sourceTree = "<group>";
		};
/* End PBXGroup section */

/* Begin PBXNativeTarget section */
		9A4F22DD24C317BB0015D244 /* RSSchool_7 */ = {
			isa = PBXNativeTarget;
			buildConfigurationList = 9A4F230524C317C00015D244 /* Build configuration list for PBXNativeTarget "RSSchool_7" */;
			buildPhases = (
				9A4F22DA24C317BB0015D244 /* Sources */,
				9A4F22DB24C317BB0015D244 /* Frameworks */,
				9A4F22DC24C317BB0015D244 /* Resources */,
			);
			buildRules = (
			);
			dependencies = (
			);
			name = RSSchool_7;
			productName = RSSchool_7;
			productReference = 9A4F22DE24C317BB0015D244 /* RSSchool_7.app */;
			productType = "com.apple.product-type.application";
		};
		9A4F22FB24C317C00015D244 /* RSSchool_7Tests */ = {
			isa = PBXNativeTarget;
			buildConfigurationList = 9A4F230824C317C00015D244 /* Build configuration list for PBXNativeTarget "RSSchool_7Tests" */;
			buildPhases = (
				9A4F22F824C317C00015D244 /* Sources */,
				9A4F22F924C317C00015D244 /* Frameworks */,
				9A4F22FA24C317C00015D244 /* Resources */,
			);
			buildRules = (
			);
			dependencies = (
				9A4F22FE24C317C00015D244 /* PBXTargetDependency */,
			);
			name = RSSchool_7Tests;
			productName = RSSchool_7Tests;
			productReference = 9A4F22FC24C317C00015D244 /* RSSchool_7Tests.xctest */;
			productType = "com.apple.product-type.bundle.unit-test";
		};
/* End PBXNativeTarget section */

/* Begin PBXProject section */
		9A4F22D624C317BB0015D244 /* Project object */ = {
			isa = PBXProject;
			attributes = {
				LastUpgradeCheck = 1150;
				ORGANIZATIONNAME = Karina;
				TargetAttributes = {
					9A4F22DD24C317BB0015D244 = {
						CreatedOnToolsVersion = 11.5;
					};
					9A4F22FB24C317C00015D244 = {
						CreatedOnToolsVersion = 11.5;
						TestTargetID = 9A4F22DD24C317BB0015D244;
					};
				};
			};
			buildConfigurationList = 9A4F22D924C317BB0015D244 /* Build configuration list for PBXProject "RSSchool_7" */;
			compatibilityVersion = "Xcode 9.3";
			developmentRegion = en;
			hasScannedForEncodings = 0;
			knownRegions = (
				en,
				Base,
			);
			mainGroup = 9A4F22D524C317BB0015D244;
			productRefGroup = 9A4F22DF24C317BB0015D244 /* Products */;
			projectDirPath = "";
			projectRoot = "";
			targets = (
				9A4F22DD24C317BB0015D244 /* RSSchool_7 */,
				9A4F22FB24C317C00015D244 /* RSSchool_7Tests */,
			);
		};
/* End PBXProject section */

/* Begin PBXResourcesBuildPhase section */
		9A4F22DC24C317BB0015D244 /* Resources */ = {
			isa = PBXResourcesBuildPhase;
			buildActionMask = 2147483647;
			files = (
				9A4F22F424C317BF0015D244 /* LaunchScreen.storyboard in Resources */,
				9A4F22F124C317BF0015D244 /* Assets.xcassets in Resources */,
				9A4F232324C349440015D244 /* CustomTableViewCell.xib in Resources */,
				9A1645D824C5BB8B00E21B3C /* DetailedInfoViewController.xib in Resources */,
				9A4F232924C351180015D244 /* VideosViewController.xib in Resources */,
			);
			runOnlyForDeploymentPostprocessing = 0;
		};
		9A4F22FA24C317C00015D244 /* Resources */ = {
			isa = PBXResourcesBuildPhase;
			buildActionMask = 2147483647;
			files = (
			);
			runOnlyForDeploymentPostprocessing = 0;
		};
/* End PBXResourcesBuildPhase section */

/* Begin PBXSourcesBuildPhase section */
		9A4F22DA24C317BB0015D244 /* Sources */ = {
			isa = PBXSourcesBuildPhase;
			buildActionMask = 2147483647;
			files = (
				9A1645E824C710E600E21B3C /* Video+CoreDataProperties.m in Sources */,
				9A4F22F724C317BF0015D244 /* main.m in Sources */,
				9A1645D724C5BB8B00E21B3C /* DetailedInfoViewController.m in Sources */,
				9A4F232224C349440015D244 /* CustomTableViewCell.m in Sources */,
				9A4F22E324C317BB0015D244 /* AppDelegate.m in Sources */,
				9A3F490324DC720F00A94BFB /* AllVideosListViewController.m in Sources */,
				9A4F233324C46A020015D244 /* ImageDownloadOperation.m in Sources */,
				9A0B3CD524DC67C1006B3667 /* ControllersFactory.m in Sources */,
				9A3F490624DC72DE00A94BFB /* FavouriteVideosListViewController.m in Sources */,
				9A1645DC24C6247E00E21B3C /* DataManager.m in Sources */,
				9A4F232F24C450750015D244 /* VideoService.m in Sources */,
				9A4F22EF24C317BB0015D244 /* RSSchool_7.xcdatamodeld in Sources */,
				9A1645E724C710E600E21B3C /* Video+CoreDataClass.m in Sources */,
				9A4F232824C351180015D244 /* VideosListViewController.m in Sources */,
				9A4F232C24C44E460015D244 /* TedVideo.m in Sources */,
				9A4F230D24C32D0A0015D244 /* XMLParser.m in Sources */,
			);
			runOnlyForDeploymentPostprocessing = 0;
		};
		9A4F22F824C317C00015D244 /* Sources */ = {
			isa = PBXSourcesBuildPhase;
			buildActionMask = 2147483647;
			files = (
				9A4F230124C317C00015D244 /* RSSchool_7Tests.m in Sources */,
				9A1645F224C9907500E21B3C /* AppDelegateTests.m in Sources */,
				9A1645EC24C8CA8700E21B3C /* Video+CoreDataPropertiesTests.m in Sources */,
				9A1645EE24C985C800E21B3C /* CustomTableViewCellTests.m in Sources */,
				9A1645FC24C9A09E00E21B3C /* XMLParserTests.m in Sources */,
				9A1645EA24C8C9AB00E21B3C /* TedVideoTests.m in Sources */,
				9A1645F624C999FB00E21B3C /* DetailedViewControllerTests.m in Sources */,
				9A1645F424C9931700E21B3C /* DataManagerTests.m in Sources */,
			);
			runOnlyForDeploymentPostprocessing = 0;
		};
/* End PBXSourcesBuildPhase section */

/* Begin PBXTargetDependency section */
		9A4F22FE24C317C00015D244 /* PBXTargetDependency */ = {
			isa = PBXTargetDependency;
			target = 9A4F22DD24C317BB0015D244 /* RSSchool_7 */;
			targetProxy = 9A4F22FD24C317C00015D244 /* PBXContainerItemProxy */;
		};
/* End PBXTargetDependency section */

/* Begin PBXVariantGroup section */
		9A4F22F224C317BF0015D244 /* LaunchScreen.storyboard */ = {
			isa = PBXVariantGroup;
			children = (
				9A4F22F324C317BF0015D244 /* Base */,
			);
			name = LaunchScreen.storyboard;
			sourceTree = "<group>";
		};
/* End PBXVariantGroup section */

/* Begin XCBuildConfiguration section */
		9A4F230324C317C00015D244 /* Debug */ = {
			isa = XCBuildConfiguration;
			buildSettings = {
				ALWAYS_SEARCH_USER_PATHS = NO;
				CLANG_ANALYZER_NONNULL = YES;
				CLANG_ANALYZER_NUMBER_OBJECT_CONVERSION = YES_AGGRESSIVE;
				CLANG_CXX_LANGUAGE_STANDARD = "gnu++14";
				CLANG_CXX_LIBRARY = "libc++";
				CLANG_ENABLE_MODULES = YES;
				CLANG_ENABLE_OBJC_ARC = YES;
				CLANG_ENABLE_OBJC_WEAK = YES;
				CLANG_WARN_BLOCK_CAPTURE_AUTORELEASING = YES;
				CLANG_WARN_BOOL_CONVERSION = YES;
				CLANG_WARN_COMMA = YES;
				CLANG_WARN_CONSTANT_CONVERSION = YES;
				CLANG_WARN_DEPRECATED_OBJC_IMPLEMENTATIONS = YES;
				CLANG_WARN_DIRECT_OBJC_ISA_USAGE = YES_ERROR;
				CLANG_WARN_DOCUMENTATION_COMMENTS = YES;
				CLANG_WARN_EMPTY_BODY = YES;
				CLANG_WARN_ENUM_CONVERSION = YES;
				CLANG_WARN_INFINITE_RECURSION = YES;
				CLANG_WARN_INT_CONVERSION = YES;
				CLANG_WARN_NON_LITERAL_NULL_CONVERSION = YES;
				CLANG_WARN_OBJC_IMPLICIT_RETAIN_SELF = YES;
				CLANG_WARN_OBJC_LITERAL_CONVERSION = YES;
				CLANG_WARN_OBJC_ROOT_CLASS = YES_ERROR;
				CLANG_WARN_RANGE_LOOP_ANALYSIS = YES;
				CLANG_WARN_STRICT_PROTOTYPES = YES;
				CLANG_WARN_SUSPICIOUS_MOVE = YES;
				CLANG_WARN_UNGUARDED_AVAILABILITY = YES_AGGRESSIVE;
				CLANG_WARN_UNREACHABLE_CODE = YES;
				CLANG_WARN__DUPLICATE_METHOD_MATCH = YES;
				COPY_PHASE_STRIP = NO;
				DEBUG_INFORMATION_FORMAT = dwarf;
				ENABLE_STRICT_OBJC_MSGSEND = YES;
				ENABLE_TESTABILITY = YES;
				GCC_C_LANGUAGE_STANDARD = gnu11;
				GCC_DYNAMIC_NO_PIC = NO;
				GCC_NO_COMMON_BLOCKS = YES;
				GCC_OPTIMIZATION_LEVEL = 0;
				GCC_PREPROCESSOR_DEFINITIONS = (
					"DEBUG=1",
					"$(inherited)",
				);
				GCC_WARN_64_TO_32_BIT_CONVERSION = YES;
				GCC_WARN_ABOUT_RETURN_TYPE = YES_ERROR;
				GCC_WARN_UNDECLARED_SELECTOR = YES;
				GCC_WARN_UNINITIALIZED_AUTOS = YES_AGGRESSIVE;
				GCC_WARN_UNUSED_FUNCTION = YES;
				GCC_WARN_UNUSED_VARIABLE = YES;
				IPHONEOS_DEPLOYMENT_TARGET = 13.5;
				MTL_ENABLE_DEBUG_INFO = INCLUDE_SOURCE;
				MTL_FAST_MATH = YES;
				ONLY_ACTIVE_ARCH = YES;
				SDKROOT = iphoneos;
			};
			name = Debug;
		};
		9A4F230424C317C00015D244 /* Release */ = {
			isa = XCBuildConfiguration;
			buildSettings = {
				ALWAYS_SEARCH_USER_PATHS = NO;
				CLANG_ANALYZER_NONNULL = YES;
				CLANG_ANALYZER_NUMBER_OBJECT_CONVERSION = YES_AGGRESSIVE;
				CLANG_CXX_LANGUAGE_STANDARD = "gnu++14";
				CLANG_CXX_LIBRARY = "libc++";
				CLANG_ENABLE_MODULES = YES;
				CLANG_ENABLE_OBJC_ARC = YES;
				CLANG_ENABLE_OBJC_WEAK = YES;
				CLANG_WARN_BLOCK_CAPTURE_AUTORELEASING = YES;
				CLANG_WARN_BOOL_CONVERSION = YES;
				CLANG_WARN_COMMA = YES;
				CLANG_WARN_CONSTANT_CONVERSION = YES;
				CLANG_WARN_DEPRECATED_OBJC_IMPLEMENTATIONS = YES;
				CLANG_WARN_DIRECT_OBJC_ISA_USAGE = YES_ERROR;
				CLANG_WARN_DOCUMENTATION_COMMENTS = YES;
				CLANG_WARN_EMPTY_BODY = YES;
				CLANG_WARN_ENUM_CONVERSION = YES;
				CLANG_WARN_INFINITE_RECURSION = YES;
				CLANG_WARN_INT_CONVERSION = YES;
				CLANG_WARN_NON_LITERAL_NULL_CONVERSION = YES;
				CLANG_WARN_OBJC_IMPLICIT_RETAIN_SELF = YES;
				CLANG_WARN_OBJC_LITERAL_CONVERSION = YES;
				CLANG_WARN_OBJC_ROOT_CLASS = YES_ERROR;
				CLANG_WARN_RANGE_LOOP_ANALYSIS = YES;
				CLANG_WARN_STRICT_PROTOTYPES = YES;
				CLANG_WARN_SUSPICIOUS_MOVE = YES;
				CLANG_WARN_UNGUARDED_AVAILABILITY = YES_AGGRESSIVE;
				CLANG_WARN_UNREACHABLE_CODE = YES;
				CLANG_WARN__DUPLICATE_METHOD_MATCH = YES;
				COPY_PHASE_STRIP = NO;
				DEBUG_INFORMATION_FORMAT = "dwarf-with-dsym";
				ENABLE_NS_ASSERTIONS = NO;
				ENABLE_STRICT_OBJC_MSGSEND = YES;
				GCC_C_LANGUAGE_STANDARD = gnu11;
				GCC_NO_COMMON_BLOCKS = YES;
				GCC_WARN_64_TO_32_BIT_CONVERSION = YES;
				GCC_WARN_ABOUT_RETURN_TYPE = YES_ERROR;
				GCC_WARN_UNDECLARED_SELECTOR = YES;
				GCC_WARN_UNINITIALIZED_AUTOS = YES_AGGRESSIVE;
				GCC_WARN_UNUSED_FUNCTION = YES;
				GCC_WARN_UNUSED_VARIABLE = YES;
				IPHONEOS_DEPLOYMENT_TARGET = 13.5;
				MTL_ENABLE_DEBUG_INFO = NO;
				MTL_FAST_MATH = YES;
				SDKROOT = iphoneos;
				VALIDATE_PRODUCT = YES;
			};
			name = Release;
		};
		9A4F230624C317C00015D244 /* Debug */ = {
			isa = XCBuildConfiguration;
			buildSettings = {
				ASSETCATALOG_COMPILER_APPICON_NAME = AppIcon;
				CODE_SIGN_STYLE = Automatic;
				DEVELOPMENT_TEAM = 84DXJF9WZG;
				INFOPLIST_FILE = RSSchool_7/Support/Info.plist;
				IPHONEOS_DEPLOYMENT_TARGET = 11.0;
				LD_RUNPATH_SEARCH_PATHS = (
					"$(inherited)",
					"@executable_path/Frameworks",
				);
				PRODUCT_BUNDLE_IDENTIFIER = "com.demo.test.RSSchool-7";
				PRODUCT_NAME = "$(TARGET_NAME)";
				TARGETED_DEVICE_FAMILY = "1,2";
			};
			name = Debug;
		};
		9A4F230724C317C00015D244 /* Release */ = {
			isa = XCBuildConfiguration;
			buildSettings = {
				ASSETCATALOG_COMPILER_APPICON_NAME = AppIcon;
				CODE_SIGN_STYLE = Automatic;
				DEVELOPMENT_TEAM = 84DXJF9WZG;
				INFOPLIST_FILE = RSSchool_7/Support/Info.plist;
				IPHONEOS_DEPLOYMENT_TARGET = 11.0;
				LD_RUNPATH_SEARCH_PATHS = (
					"$(inherited)",
					"@executable_path/Frameworks",
				);
				PRODUCT_BUNDLE_IDENTIFIER = "com.demo.test.RSSchool-7";
				PRODUCT_NAME = "$(TARGET_NAME)";
				TARGETED_DEVICE_FAMILY = "1,2";
			};
			name = Release;
		};
		9A4F230924C317C00015D244 /* Debug */ = {
			isa = XCBuildConfiguration;
			buildSettings = {
				BUNDLE_LOADER = "$(TEST_HOST)";
				CODE_SIGN_STYLE = Automatic;
				DEVELOPMENT_TEAM = 84DXJF9WZG;
				INFOPLIST_FILE = RSSchool_7Tests/Info.plist;
				IPHONEOS_DEPLOYMENT_TARGET = 13.5;
				LD_RUNPATH_SEARCH_PATHS = (
					"$(inherited)",
					"@executable_path/Frameworks",
					"@loader_path/Frameworks",
				);
				PRODUCT_BUNDLE_IDENTIFIER = "com.demo.test.RSSchool-7Tests";
				PRODUCT_NAME = "$(TARGET_NAME)";
				TARGETED_DEVICE_FAMILY = "1,2";
				TEST_HOST = "$(BUILT_PRODUCTS_DIR)/RSSchool_7.app/RSSchool_7";
			};
			name = Debug;
		};
		9A4F230A24C317C00015D244 /* Release */ = {
			isa = XCBuildConfiguration;
			buildSettings = {
				BUNDLE_LOADER = "$(TEST_HOST)";
				CODE_SIGN_STYLE = Automatic;
				DEVELOPMENT_TEAM = 84DXJF9WZG;
				INFOPLIST_FILE = RSSchool_7Tests/Info.plist;
				IPHONEOS_DEPLOYMENT_TARGET = 13.5;
				LD_RUNPATH_SEARCH_PATHS = (
					"$(inherited)",
					"@executable_path/Frameworks",
					"@loader_path/Frameworks",
				);
				PRODUCT_BUNDLE_IDENTIFIER = "com.demo.test.RSSchool-7Tests";
				PRODUCT_NAME = "$(TARGET_NAME)";
				TARGETED_DEVICE_FAMILY = "1,2";
				TEST_HOST = "$(BUILT_PRODUCTS_DIR)/RSSchool_7.app/RSSchool_7";
			};
			name = Release;
		};
/* End XCBuildConfiguration section */

/* Begin XCConfigurationList section */
		9A4F22D924C317BB0015D244 /* Build configuration list for PBXProject "RSSchool_7" */ = {
			isa = XCConfigurationList;
			buildConfigurations = (
				9A4F230324C317C00015D244 /* Debug */,
				9A4F230424C317C00015D244 /* Release */,
			);
			defaultConfigurationIsVisible = 0;
			defaultConfigurationName = Release;
		};
		9A4F230524C317C00015D244 /* Build configuration list for PBXNativeTarget "RSSchool_7" */ = {
			isa = XCConfigurationList;
			buildConfigurations = (
				9A4F230624C317C00015D244 /* Debug */,
				9A4F230724C317C00015D244 /* Release */,
			);
			defaultConfigurationIsVisible = 0;
			defaultConfigurationName = Release;
		};
		9A4F230824C317C00015D244 /* Build configuration list for PBXNativeTarget "RSSchool_7Tests" */ = {
			isa = XCConfigurationList;
			buildConfigurations = (
				9A4F230924C317C00015D244 /* Debug */,
				9A4F230A24C317C00015D244 /* Release */,
			);
			defaultConfigurationIsVisible = 0;
			defaultConfigurationName = Release;
		};
/* End XCConfigurationList section */

/* Begin XCVersionGroup section */
		9A4F22ED24C317BB0015D244 /* RSSchool_7.xcdatamodeld */ = {
			isa = XCVersionGroup;
			children = (
				9A4F22EE24C317BB0015D244 /* RSSchool_7.xcdatamodel */,
			);
			currentVersion = 9A4F22EE24C317BB0015D244 /* RSSchool_7.xcdatamodel */;
			path = RSSchool_7.xcdatamodeld;
			sourceTree = "<group>";
			versionGroupType = wrapper.xcdatamodel;
		};
/* End XCVersionGroup section */
	};
	rootObject = 9A4F22D624C317BB0015D244 /* Project object */;
}
